
Microsoft Visual Studio Solution File, Format Version 12.00
# Visual Studio Version 16
VisualStudioVersion = 16.0.30621.155
MinimumVisualStudioVersion = 10.0.40219.1
Project("{9A19103F-16F7-4668-BE54-9A1E7A4F7556}") = "GoldCalc_Admin.Api", "GoldCalc_Admin.Api\GoldCalc_Admin.Api.csproj", "{02943F6C-B287-400C-9381-6202CF1B917D}"
EndProject
Project("{9A19103F-16F7-4668-BE54-9A1E7A4F7556}") = "GoldCalc_Admin.Test", "GoldCalc_Admin.Test\GoldCalc_Admin.Test.csproj", "{C6109CE3-258F-46A2-B2E8-B1238DFB6FD3}"
EndProject
Global
	GlobalSection(SolutionConfigurationPlatforms) = preSolution
		Debug|Any CPU = Debug|Any CPU
		Release|Any CPU = Release|Any CPU
	EndGlobalSection
	GlobalSection(ProjectConfigurationPlatforms) = postSolution
		{02943F6C-B287-400C-9381-6202CF1B917D}.Debug|Any CPU.ActiveCfg = Debug|Any CPU
		{02943F6C-B287-400C-9381-6202CF1B917D}.Debug|Any CPU.Build.0 = Debug|Any CPU
		{02943F6C-B287-400C-9381-6202CF1B917D}.Release|Any CPU.ActiveCfg = Release|Any CPU
		{02943F6C-B287-400C-9381-6202CF1B917D}.Release|Any CPU.Build.0 = Release|Any CPU
		{C6109CE3-258F-46A2-B2E8-B1238DFB6FD3}.Debug|Any CPU.ActiveCfg = Debug|Any CPU
		{C6109CE3-258F-46A2-B2E8-B1238DFB6FD3}.Debug|Any CPU.Build.0 = Debug|Any CPU
		{C6109CE3-258F-46A2-B2E8-B1238DFB6FD3}.Release|Any CPU.ActiveCfg = Release|Any CPU
		{C6109CE3-258F-46A2-B2E8-B1238DFB6FD3}.Release|Any CPU.Build.0 = Release|Any CPU
	EndGlobalSection
	GlobalSection(SolutionProperties) = preSolution
		HideSolutionNode = FALSE
	EndGlobalSection
	GlobalSection(ExtensibilityGlobals) = postSolution
		SolutionGuid = {E1CAFA97-E065-424B-A8FF-05542C93C46D}
	EndGlobalSection
EndGlobal
